
Microsoft Visual Studio Solution File, Format Version 12.00
# Visual Studio Version 17
VisualStudioVersion = 17.4.33205.214
MinimumVisualStudioVersion = 10.0.40219.1
Project("{FAE04EC0-301F-11D3-BF4B-00C04F79EFBC}") = "ConsoleApp1", "ConsoleApp1\ConsoleApp1.csproj", "{5CA64ABC-82F4-4F35-8CEA-44F14C715767}"
EndProject
Global
	GlobalSection(SolutionConfigurationPlatforms) = preSolution
		Debug|Any CPU = Debug|Any CPU
		Release|Any CPU = Release|Any CPU
	EndGlobalSection
	GlobalSection(ProjectConfigurationPlatforms) = postSolution
		{5CA64ABC-82F4-4F35-8CEA-44F14C715767}.Debug|Any CPU.ActiveCfg = Debug|Any CPU
		{5CA64ABC-82F4-4F35-8CEA-44F14C715767}.Debug|Any CPU.Build.0 = Debug|Any CPU
		{5CA64ABC-82F4-4F35-8CEA-44F14C715767}.Release|Any CPU.ActiveCfg = Release|Any CPU
		{5CA64ABC-82F4-4F35-8CEA-44F14C715767}.Release|Any CPU.Build.0 = Release|Any CPU
	EndGlobalSection
	GlobalSection(SolutionProperties) = preSolution
		HideSolutionNode = FALSE
	EndGlobalSection
	GlobalSection(ExtensibilityGlobals) = postSolution
		SolutionGuid = {FB8D62B2-127C-4363-9051-FDCB9C8A63EF}
	EndGlobalSection
EndGlobal
